
Microsoft Visual Studio Solution File, Format Version 12.00
# Visual Studio 15
VisualStudioVersion = 15.0.28307.271
MinimumVisualStudioVersion = 10.0.40219.1
Project("{FAE04EC0-301F-11D3-BF4B-00C04F79EFBC}") = "Factorizer", "Factorizer\Factorizer.csproj", "{B7CB5113-1DDC-40F2-A174-CA2B502F95E7}"
EndProject
Project("{FAE04EC0-301F-11D3-BF4B-00C04F79EFBC}") = "Factorizer.BLL", "Factorizer.BLL\Factorizer.BLL.csproj", "{B126F6F0-B945-4587-86E8-C7C29E6CA078}"
EndProject
Project("{FAE04EC0-301F-11D3-BF4B-00C04F79EFBC}") = "Tests", "Tests\Tests.csproj", "{CBBDFF41-4305-4F0A-90BB-523B2C4E74AA}"
EndProject
Global
	GlobalSection(SolutionConfigurationPlatforms) = preSolution
		Debug|Any CPU = Debug|Any CPU
		Release|Any CPU = Release|Any CPU
	EndGlobalSection
	GlobalSection(ProjectConfigurationPlatforms) = postSolution
		{B7CB5113-1DDC-40F2-A174-CA2B502F95E7}.Debug|Any CPU.ActiveCfg = Debug|Any CPU
		{B7CB5113-1DDC-40F2-A174-CA2B502F95E7}.Debug|Any CPU.Build.0 = Debug|Any CPU
		{B7CB5113-1DDC-40F2-A174-CA2B502F95E7}.Release|Any CPU.ActiveCfg = Release|Any CPU
		{B7CB5113-1DDC-40F2-A174-CA2B502F95E7}.Release|Any CPU.Build.0 = Release|Any CPU
		{B126F6F0-B945-4587-86E8-C7C29E6CA078}.Debug|Any CPU.ActiveCfg = Debug|Any CPU
		{B126F6F0-B945-4587-86E8-C7C29E6CA078}.Debug|Any CPU.Build.0 = Debug|Any CPU
		{B126F6F0-B945-4587-86E8-C7C29E6CA078}.Release|Any CPU.ActiveCfg = Release|Any CPU
		{B126F6F0-B945-4587-86E8-C7C29E6CA078}.Release|Any CPU.Build.0 = Release|Any CPU
		{CBBDFF41-4305-4F0A-90BB-523B2C4E74AA}.Debug|Any CPU.ActiveCfg = Debug|Any CPU
		{CBBDFF41-4305-4F0A-90BB-523B2C4E74AA}.Debug|Any CPU.Build.0 = Debug|Any CPU
		{CBBDFF41-4305-4F0A-90BB-523B2C4E74AA}.Release|Any CPU.ActiveCfg = Release|Any CPU
		{CBBDFF41-4305-4F0A-90BB-523B2C4E74AA}.Release|Any CPU.Build.0 = Release|Any CPU
	EndGlobalSection
	GlobalSection(SolutionProperties) = preSolution
		HideSolutionNode = FALSE
	EndGlobalSection
	GlobalSection(ExtensibilityGlobals) = postSolution
		SolutionGuid = {E3126F5A-5739-4109-90FA-ABA6E076A25E}
	EndGlobalSection
EndGlobal
