
Microsoft Visual Studio Solution File, Format Version 12.00
# Visual Studio 15
VisualStudioVersion = 15.0.28307.271
MinimumVisualStudioVersion = 10.0.40219.1
Project("{FAE04EC0-301F-11D3-BF4B-00C04F79EFBC}") = "CRRUD__Weekend_Bike_Routes3", "CRRUD__Weekend_Bike_Routes3\CRRUD__Weekend_Bike_Routes3.csproj", "{B20D527A-5A35-4881-B773-ECBA5DF0CDAC}"
EndProject
Global
	GlobalSection(SolutionConfigurationPlatforms) = preSolution
		Debug|Any CPU = Debug|Any CPU
		Release|Any CPU = Release|Any CPU
	EndGlobalSection
	GlobalSection(ProjectConfigurationPlatforms) = postSolution
		{B20D527A-5A35-4881-B773-ECBA5DF0CDAC}.Debug|Any CPU.ActiveCfg = Debug|Any CPU
		{B20D527A-5A35-4881-B773-ECBA5DF0CDAC}.Debug|Any CPU.Build.0 = Debug|Any CPU
		{B20D527A-5A35-4881-B773-ECBA5DF0CDAC}.Release|Any CPU.ActiveCfg = Release|Any CPU
		{B20D527A-5A35-4881-B773-ECBA5DF0CDAC}.Release|Any CPU.Build.0 = Release|Any CPU
	EndGlobalSection
	GlobalSection(SolutionProperties) = preSolution
		HideSolutionNode = FALSE
	EndGlobalSection
	GlobalSection(ExtensibilityGlobals) = postSolution
		SolutionGuid = {D10382F3-FD10-4D3D-BDD0-AF27EE70CEF9}
	EndGlobalSection
EndGlobal
